
Microsoft Visual Studio Solution File, Format Version 12.00
# Visual Studio Version 16
VisualStudioVersion = 16.0.30711.63
MinimumVisualStudioVersion = 10.0.40219.1
Project("{FAE04EC0-301F-11D3-BF4B-00C04F79EFBC}") = "SCompiler", "SCompiler\SCompiler.csproj", "{76C8E094-51DB-48A2-88FC-0073780635A2}"
EndProject
Global
	GlobalSection(SolutionConfigurationPlatforms) = preSolution
		Debug|Any CPU = Debug|Any CPU
		Release|Any CPU = Release|Any CPU
	EndGlobalSection
	GlobalSection(ProjectConfigurationPlatforms) = postSolution
		{76C8E094-51DB-48A2-88FC-0073780635A2}.Debug|Any CPU.ActiveCfg = Debug|Any CPU
		{76C8E094-51DB-48A2-88FC-0073780635A2}.Debug|Any CPU.Build.0 = Debug|Any CPU
		{76C8E094-51DB-48A2-88FC-0073780635A2}.Release|Any CPU.ActiveCfg = Release|Any CPU
		{76C8E094-51DB-48A2-88FC-0073780635A2}.Release|Any CPU.Build.0 = Release|Any CPU
	EndGlobalSection
	GlobalSection(SolutionProperties) = preSolution
		HideSolutionNode = FALSE
	EndGlobalSection
	GlobalSection(ExtensibilityGlobals) = postSolution
		SolutionGuid = {49F63DFD-1702-4C67-8021-2934DDC9D0FF}
	EndGlobalSection
EndGlobal
